
Microsoft Visual Studio Solution File, Format Version 12.00
# Visual Studio 2012
Project("{FAE04EC0-301F-11D3-BF4B-00C04F79EFBC}") = "CSharpIE", "CSharpIE.csproj", "{25A0057E-0A1E-4606-8A40-5BE0A1D5EA9B}"
EndProject
Global
	GlobalSection(SolutionConfigurationPlatforms) = preSolution
		Debug|x64 = Debug|x64
		Debug|x86 = Debug|x86
		Release|x64 = Release|x64
		Release|x86 = Release|x86
	EndGlobalSection
	GlobalSection(ProjectConfigurationPlatforms) = postSolution
		{25A0057E-0A1E-4606-8A40-5BE0A1D5EA9B}.Debug|x64.ActiveCfg = Debug|x64
		{25A0057E-0A1E-4606-8A40-5BE0A1D5EA9B}.Debug|x64.Build.0 = Debug|x64
		{25A0057E-0A1E-4606-8A40-5BE0A1D5EA9B}.Debug|x86.ActiveCfg = Debug|x86
		{25A0057E-0A1E-4606-8A40-5BE0A1D5EA9B}.Debug|x86.Build.0 = Debug|x86
		{25A0057E-0A1E-4606-8A40-5BE0A1D5EA9B}.Release|x64.ActiveCfg = Release|x64
		{25A0057E-0A1E-4606-8A40-5BE0A1D5EA9B}.Release|x64.Build.0 = Release|x64
		{25A0057E-0A1E-4606-8A40-5BE0A1D5EA9B}.Release|x86.ActiveCfg = Release|x86
		{25A0057E-0A1E-4606-8A40-5BE0A1D5EA9B}.Release|x86.Build.0 = Release|x86
	EndGlobalSection
	GlobalSection(SolutionProperties) = preSolution
		HideSolutionNode = FALSE
	EndGlobalSection
EndGlobal
