<?xml version="1.0" encoding="utf-8"?>
<Project ToolsVersion="4.0" xmlns="http://schemas.microsoft.com/developer/msbuild/2003">
  <ItemGroup>
    <Filter Include="Source Files">
      <UniqueIdentifier>{4FC737F1-C7A5-4376-A066-2A32D752A2FF}</UniqueIdentifier>
      <Extensions>cpp;c;cc;cxx;def;odl;idl;hpj;bat;asm;asmx</Extensions>
    </Filter>
    <Filter Include="Source Files\Common">
      <UniqueIdentifier>{3a9cfacd-d37e-48a6-8dea-9a154456fdac}</UniqueIdentifier>
    </Filter>
    <Filter Include="Source Files\Common\Com">
      <UniqueIdentifier>{2d0f9f04-30ab-440d-8984-7e51e71a61ea}</UniqueIdentifier>
    </Filter>
    <Filter Include="Source Files\Asm">
      <UniqueIdentifier>{13760856-494b-4380-8055-1d247b3916bd}</UniqueIdentifier>
    </Filter>
    <Filter Include="Header Files">
      <UniqueIdentifier>{93995380-89BD-4b04-88EB-625FBE52EBFB}</UniqueIdentifier>
      <Extensions>h;hpp;hxx;hm;inl;inc;xsd</Extensions>
    </Filter>
    <Filter Include="Header Files\Common">
      <UniqueIdentifier>{31244420-8ce5-4745-adcf-2264fe881b30}</UniqueIdentifier>
    </Filter>
    <Filter Include="Header Files\Common\Com">
      <UniqueIdentifier>{ffcfbcb4-561d-45e1-b572-9a6359d2f5e5}</UniqueIdentifier>
    </Filter>
    <Filter Include="Resource Files">
      <UniqueIdentifier>{67DA6AB6-F800-4c08-8B7A-83BB121AAD01}</UniqueIdentifier>
      <Extensions>rc;ico;cur;bmp;dlg;rc2;rct;bin;rgs;gif;jpg;jpeg;jpe;resx;tiff;tif;png;wav</Extensions>
    </Filter>
    <Filter Include="Generated Files">
      <UniqueIdentifier>{ba337398-d67e-4d5f-b554-b0452ff494ed}</UniqueIdentifier>
      <SourceControlFiles>False</SourceControlFiles>
    </Filter>
    <Filter Include="Primary Interop">
      <UniqueIdentifier>{d0064482-7d87-405a-99e6-2bb54382e553}</UniqueIdentifier>
    </Filter>
    <Filter Include="RegFree COM">
      <UniqueIdentifier>{419c3e93-20c5-4613-a8dc-742f808fa359}</UniqueIdentifier>
    </Filter>
  </ItemGroup>
  <ItemGroup>
    <ClCompile Include="Clients.cpp">
      <Filter>Source Files</Filter>
    </ClCompile>
    <ClCompile Include="dlldatax.c">
      <Filter>Source Files</Filter>
    </ClCompile>
    <ClCompile Include="DllExports.cpp">
      <Filter>Source Files</Filter>
    </ClCompile>
    <ClCompile Include="dllmain.cpp">
      <Filter>Source Files</Filter>
    </ClCompile>
    <ClCompile Include="HelperInjector.cpp">
      <Filter>Source Files</Filter>
    </ClCompile>
    <ClCompile Include="JavaObject.cpp">
      <Filter>Source Files</Filter>
    </ClCompile>
    <ClCompile Include="JavaVarConvert.cpp">
      <Filter>Source Files</Filter>
    </ClCompile>
    <ClCompile Include="ProcessMemory.cpp">
      <Filter>Source Files</Filter>
    </ClCompile>
    <ClCompile Include="RemoteBridge.cpp">
      <Filter>Source Files</Filter>
    </ClCompile>
    <ClCompile Include="RemoteBridge_Com.cpp">
      <Filter>Source Files</Filter>
    </ClCompile>
    <ClCompile Include="RemoteBridge_Java.cpp">
      <Filter>Source Files</Filter>
    </ClCompile>
    <ClCompile Include="StdAfx.cpp">
      <Filter>Source Files</Filter>
    </ClCompile>
    <ClCompile Include="..\Common\ComPtr.cpp">
      <Filter>Source Files\Common</Filter>
    </ClCompile>
    <ClCompile Include="..\Common\Debug.cpp">
      <Filter>Source Files\Common</Filter>
    </ClCompile>
    <ClCompile Include="..\Common\MemoryStream.cpp">
      <Filter>Source Files\Common</Filter>
    </ClCompile>
    <ClCompile Include="..\Common\SimplePipesIPC.cpp">
      <Filter>Source Files\Common</Filter>
    </ClCompile>
    <ClCompile Include="..\Common\StringLiteW.cpp">
      <Filter>Source Files\Common</Filter>
    </ClCompile>
    <ClCompile Include="..\Common\Threads.cpp">
      <Filter>Source Files\Common</Filter>
    </ClCompile>
    <ClCompile Include="..\Common\Tools.cpp">
      <Filter>Source Files\Common</Filter>
    </ClCompile>
    <ClCompile Include="..\Common\WaitableObjects.cpp">
      <Filter>Source Files\Common</Filter>
    </ClCompile>
    <ClCompile Include="..\Common\Com\VariantMisc.cpp">
      <Filter>Source Files\Common\Com</Filter>
    </ClCompile>
    <ClCompile Include="RemoteBridge_i.c">
      <Filter>Generated Files</Filter>
    </ClCompile>
    <ClCompile Include="RemoteBridge_i64.c">
      <Filter>Generated Files</Filter>
    </ClCompile>
  </ItemGroup>
  <ItemGroup>
    <ClInclude Include="JavaVarConvert_TransposeArrayIn.h">
      <Filter>Source Files</Filter>
    </ClInclude>
    <ClInclude Include="JavaVarConvert_TransposeArrayOut.h">
      <Filter>Source Files</Filter>
    </ClInclude>
    <ClInclude Include="Clients.h">
      <Filter>Header Files</Filter>
    </ClInclude>
    <ClInclude Include="CustomRegistryMap.h">
      <Filter>Header Files</Filter>
    </ClInclude>
    <ClInclude Include="disp_ids.h">
      <Filter>Header Files</Filter>
    </ClInclude>
    <ClInclude Include="dlldatax.h">
      <Filter>Header Files</Filter>
    </ClInclude>
    <ClInclude Include="dllmain.h">
      <Filter>Header Files</Filter>
    </ClInclude>
    <ClInclude Include="DynamicConnectionPoint.h">
      <Filter>Header Files</Filter>
    </ClInclude>
    <ClInclude Include="HelperInjector.h">
      <Filter>Header Files</Filter>
    </ClInclude>
    <ClInclude Include="idl_size_t.h">
      <Filter>Header Files</Filter>
    </ClInclude>
    <ClInclude Include="JavaObject.h">
      <Filter>Header Files</Filter>
    </ClInclude>
    <ClInclude Include="JavaVarConvert.h">
      <Filter>Header Files</Filter>
    </ClInclude>
    <ClInclude Include="ProcessMemory.h">
      <Filter>Header Files</Filter>
    </ClInclude>
    <ClInclude Include="RemoteBridge.h">
      <Filter>Header Files</Filter>
    </ClInclude>
    <ClInclude Include="RemoteBridgeEvents.h">
      <Filter>Header Files</Filter>
    </ClInclude>
    <ClInclude Include="StdAfx.h">
      <Filter>Header Files</Filter>
    </ClInclude>
    <ClInclude Include="TargetVer.h">
      <Filter>Header Files</Filter>
    </ClInclude>
    <ClInclude Include="..\Common\ArrayList.h">
      <Filter>Header Files\Common</Filter>
    </ClInclude>
    <ClInclude Include="..\Common\AutoPtr.h">
      <Filter>Header Files\Common</Filter>
    </ClInclude>
    <ClInclude Include="..\Common\ComPtr.h">
      <Filter>Header Files\Common</Filter>
    </ClInclude>
    <ClInclude Include="..\Common\Debug.h">
      <Filter>Header Files\Common</Filter>
    </ClInclude>
    <ClInclude Include="..\Common\Defines.h">
      <Filter>Header Files\Common</Filter>
    </ClInclude>
    <ClInclude Include="..\Common\LinkedList.h">
      <Filter>Header Files\Common</Filter>
    </ClInclude>
    <ClInclude Include="..\Common\MemoryStream.h">
      <Filter>Header Files\Common</Filter>
    </ClInclude>
    <ClInclude Include="..\Common\SimplePipesIPC.h">
      <Filter>Header Files\Common</Filter>
    </ClInclude>
    <ClInclude Include="..\Common\StringLiteW.h">
      <Filter>Header Files\Common</Filter>
    </ClInclude>
    <ClInclude Include="..\Common\Threads.h">
      <Filter>Header Files\Common</Filter>
    </ClInclude>
    <ClInclude Include="..\Common\Tools.h">
      <Filter>Header Files\Common</Filter>
    </ClInclude>
    <ClInclude Include="..\Common\TransportMessages.h">
      <Filter>Header Files\Common</Filter>
    </ClInclude>
    <ClInclude Include="..\Common\WaitableObjects.h">
      <Filter>Header Files\Common</Filter>
    </ClInclude>
    <ClInclude Include="..\Common\Com\VariantMisc.h">
      <Filter>Header Files\Common\Com</Filter>
    </ClInclude>
    <ClInclude Include="Resource.h">
      <Filter>Resource Files</Filter>
    </ClInclude>
  </ItemGroup>
  <ItemGroup>
    <None Include="RemoteBridge.def">
      <Filter>Source Files</Filter>
    </None>
    <None Include="InterfaceRegistrar.rgs">
      <Filter>Resource Files</Filter>
    </None>
    <None Include="RemoteBridge.rgs">
      <Filter>Resource Files</Filter>
    </None>
    <None Include="RemoteBridge64.rgs">
      <Filter>Resource Files</Filter>
    </None>
  </ItemGroup>
  <ItemGroup>
    <Midl Include="RemoteBridge.idl">
      <Filter>Source Files</Filter>
    </Midl>
  </ItemGroup>
  <ItemGroup>
    <ResourceCompile Include="RemoteBridge.rc">
      <Filter>Resource Files</Filter>
    </ResourceCompile>
  </ItemGroup>
  <ItemGroup>
    <CustomBuild Include="Asm\GetProcAddress_x64.inc.asm">
      <Filter>Source Files\Asm</Filter>
    </CustomBuild>
    <CustomBuild Include="Asm\GetProcAddress_x86.inc.asm">
      <Filter>Source Files\Asm</Filter>
    </CustomBuild>
    <CustomBuild Include="Asm\Injector_x64.asm">
      <Filter>Source Files\Asm</Filter>
    </CustomBuild>
    <CustomBuild Include="Asm\Injector_x64.inl">
      <Filter>Source Files\Asm</Filter>
    </CustomBuild>
    <CustomBuild Include="Asm\Injector_x86.asm">
      <Filter>Source Files\Asm</Filter>
    </CustomBuild>
    <CustomBuild Include="Asm\Injector_x86.inl">
      <Filter>Source Files\Asm</Filter>
    </CustomBuild>
    <CustomBuild Include="RemoteBridge_i.h">
      <Filter>Generated Files</Filter>
    </CustomBuild>
    <CustomBuild Include="RemoteBridge_i64.h">
      <Filter>Generated Files</Filter>
    </CustomBuild>
    <CustomBuild Include="BuildPrimaryInterop\build.bat">
      <Filter>Primary Interop</Filter>
    </CustomBuild>
    <CustomBuild Include="BuildPrimaryInterop\keypair.snk">
      <Filter>Primary Interop</Filter>
    </CustomBuild>
    <CustomBuild Include="RegFreeCOM_Manifest_Files\RemoteBridge.X.manifest">
      <Filter>RegFree COM</Filter>
    </CustomBuild>
    <CustomBuild Include="RegFreeCOM_Manifest_Files\RemoteBridge64.X.manifest">
      <Filter>RegFree COM</Filter>
    </CustomBuild>
  </ItemGroup>
</Project>